
Microsoft Visual Studio Solution File, Format Version 12.00
# Visual Studio 15
VisualStudioVersion = 15.0.28307.271
MinimumVisualStudioVersion = 10.0.40219.1
Project("{9A19103F-16F7-4668-BE54-9A1E7A4F7556}") = "Quiz", "..\..\source\repos\App1\Quiz\Quiz\Quiz.csproj", "{B6FBEEA0-2FE7-4EF1-8094-A8F177B1EB55}"
EndProject
Global
	GlobalSection(SolutionConfigurationPlatforms) = preSolution
		Debug|Any CPU = Debug|Any CPU
		Release|Any CPU = Release|Any CPU
	EndGlobalSection
	GlobalSection(ProjectConfigurationPlatforms) = postSolution
		{B6FBEEA0-2FE7-4EF1-8094-A8F177B1EB55}.Debug|Any CPU.ActiveCfg = Debug|Any CPU
		{B6FBEEA0-2FE7-4EF1-8094-A8F177B1EB55}.Debug|Any CPU.Build.0 = Debug|Any CPU
		{B6FBEEA0-2FE7-4EF1-8094-A8F177B1EB55}.Release|Any CPU.ActiveCfg = Release|Any CPU
		{B6FBEEA0-2FE7-4EF1-8094-A8F177B1EB55}.Release|Any CPU.Build.0 = Release|Any CPU
	EndGlobalSection
	GlobalSection(SolutionProperties) = preSolution
		HideSolutionNode = FALSE
	EndGlobalSection
	GlobalSection(ExtensibilityGlobals) = postSolution
		SolutionGuid = {F70599D6-E444-41A1-A135-47D0E02F04FE}
	EndGlobalSection
EndGlobal
